
Microsoft Visual Studio Solution File, Format Version 12.00
# Visual Studio 15
VisualStudioVersion = 15.0.28307.329
MinimumVisualStudioVersion = 10.0.40219.1
Project("{FAE04EC0-301F-11D3-BF4B-00C04F79EFBC}") = "TEST_FB_API", "TEST_FB_API\TEST_FB_API.csproj", "{31BE67E1-B17E-44B3-AC1C-ABA4A6B16950}"
EndProject
Global
	GlobalSection(SolutionConfigurationPlatforms) = preSolution
		Debug|Any CPU = Debug|Any CPU
		Release|Any CPU = Release|Any CPU
	EndGlobalSection
	GlobalSection(ProjectConfigurationPlatforms) = postSolution
		{31BE67E1-B17E-44B3-AC1C-ABA4A6B16950}.Debug|Any CPU.ActiveCfg = Debug|Any CPU
		{31BE67E1-B17E-44B3-AC1C-ABA4A6B16950}.Debug|Any CPU.Build.0 = Debug|Any CPU
		{31BE67E1-B17E-44B3-AC1C-ABA4A6B16950}.Release|Any CPU.ActiveCfg = Release|Any CPU
		{31BE67E1-B17E-44B3-AC1C-ABA4A6B16950}.Release|Any CPU.Build.0 = Release|Any CPU
	EndGlobalSection
	GlobalSection(SolutionProperties) = preSolution
		HideSolutionNode = FALSE
	EndGlobalSection
	GlobalSection(ExtensibilityGlobals) = postSolution
		SolutionGuid = {1EBC3EBE-682B-4D96-A3F0-2350EB0A3B06}
	EndGlobalSection
EndGlobal
